
Microsoft Visual Studio Solution File, Format Version 12.00
# Visual Studio 2012
Project("{FAE04EC0-301F-11D3-BF4B-00C04F79EFBC}") = "VAK", "VAK\VAK.csproj", "{633B9249-1DD6-4C8D-B1C9-45A1D9784922}"
EndProject
Project("{FAE04EC0-301F-11D3-BF4B-00C04F79EFBC}") = "VAK.Tests", "VAK.Tests\VAK.Tests.csproj", "{96F80968-A45E-4668-8828-0993E0DE5AA6}"
EndProject
Project("{FAE04EC0-301F-11D3-BF4B-00C04F79EFBC}") = "VAK.Lib", "VAK.Lib\VAK.Lib.csproj", "{1A86B06F-9FC4-4974-AC14-FC8BE1A5EE05}"
EndProject
Global
	GlobalSection(TeamFoundationVersionControl) = preSolution
		SccNumberOfProjects = 4
		SccEnterpriseProvider = {4CA58AB2-18FA-4F8D-95D4-32DDF27D184C}
		SccTeamFoundationServer = https://tfs.codeplex.com/tfs/tfs12
		SccLocalPath0 = .
		SccProjectUniqueName1 = VAK.Tests\\VAK.Tests.csproj
		SccProjectName1 = VAK.Tests
		SccLocalPath1 = VAK.Tests
		SccProjectUniqueName2 = VAK\\VAK.csproj
		SccProjectName2 = VAK
		SccLocalPath2 = VAK
		SccProjectUniqueName3 = VAK.Lib\\VAK.Lib.csproj
		SccProjectName3 = VAK.Lib
		SccLocalPath3 = VAK.Lib
	EndGlobalSection
	GlobalSection(SolutionConfigurationPlatforms) = preSolution
		Debug|Any CPU = Debug|Any CPU
		Release|Any CPU = Release|Any CPU
	EndGlobalSection
	GlobalSection(ProjectConfigurationPlatforms) = postSolution
		{633B9249-1DD6-4C8D-B1C9-45A1D9784922}.Debug|Any CPU.ActiveCfg = Debug|Any CPU
		{633B9249-1DD6-4C8D-B1C9-45A1D9784922}.Debug|Any CPU.Build.0 = Debug|Any CPU
		{633B9249-1DD6-4C8D-B1C9-45A1D9784922}.Release|Any CPU.ActiveCfg = Release|Any CPU
		{633B9249-1DD6-4C8D-B1C9-45A1D9784922}.Release|Any CPU.Build.0 = Release|Any CPU
		{96F80968-A45E-4668-8828-0993E0DE5AA6}.Debug|Any CPU.ActiveCfg = Debug|Any CPU
		{96F80968-A45E-4668-8828-0993E0DE5AA6}.Debug|Any CPU.Build.0 = Debug|Any CPU
		{96F80968-A45E-4668-8828-0993E0DE5AA6}.Release|Any CPU.ActiveCfg = Release|Any CPU
		{96F80968-A45E-4668-8828-0993E0DE5AA6}.Release|Any CPU.Build.0 = Release|Any CPU
		{1A86B06F-9FC4-4974-AC14-FC8BE1A5EE05}.Debug|Any CPU.ActiveCfg = Debug|Any CPU
		{1A86B06F-9FC4-4974-AC14-FC8BE1A5EE05}.Debug|Any CPU.Build.0 = Debug|Any CPU
		{1A86B06F-9FC4-4974-AC14-FC8BE1A5EE05}.Release|Any CPU.ActiveCfg = Release|Any CPU
		{1A86B06F-9FC4-4974-AC14-FC8BE1A5EE05}.Release|Any CPU.Build.0 = Release|Any CPU
	EndGlobalSection
	GlobalSection(SolutionProperties) = preSolution
		HideSolutionNode = FALSE
	EndGlobalSection
EndGlobal
